
Microsoft Visual Studio Solution File, Format Version 12.00
# Visual Studio 15
VisualStudioVersion = 15.0.27703.2047
MinimumVisualStudioVersion = 10.0.40219.1
Project("{FAE04EC0-301F-11D3-BF4B-00C04F79EFBC}") = "Epam.XT2019.Task6.PL", "Epam.XT2019.Task6.PL\Epam.XT2019.Task6.PL.csproj", "{8C681C55-E466-4BB8-9367-A4F5E4E6150A}"
EndProject
Project("{FAE04EC0-301F-11D3-BF4B-00C04F79EFBC}") = "Epam.XT2019.Task6.Ioc", "Epam.XT2019.Task6.Ioc\Epam.XT2019.Task6.Ioc.csproj", "{78E9A00F-A414-4F68-B02E-B28374034E66}"
EndProject
Project("{FAE04EC0-301F-11D3-BF4B-00C04F79EFBC}") = "Epam.XT2019.Task6.LogicContracts", "Epam.XT2019.Task6.LogicContracts\Epam.XT2019.Task6.LogicContracts.csproj", "{647C19C9-0059-4F5A-816B-B3A9F41D278F}"
EndProject
Project("{FAE04EC0-301F-11D3-BF4B-00C04F79EFBC}") = "Epam.XT2019.Task6.Entities", "Epam.XT2019.Task6.Entities\Epam.XT2019.Task6.Entities.csproj", "{B878541D-66B8-4A67-AACA-6A27A875BDE5}"
EndProject
Project("{FAE04EC0-301F-11D3-BF4B-00C04F79EFBC}") = "Epam.XT2019.Task6.BLL", "Epam.XT2019.Task6.BLL\Epam.XT2019.Task6.BLL.csproj", "{E28DDC6C-B2F7-415B-B870-039FDE3EA5C3}"
EndProject
Project("{FAE04EC0-301F-11D3-BF4B-00C04F79EFBC}") = "Epam.XT2019.Task6.DaoContracts", "Epam.XT2019.Task6.DalContracts\Epam.XT2019.Task6.DaoContracts.csproj", "{BB958D8F-0B6A-420F-8C4D-C5961D98CAF1}"
EndProject
Project("{FAE04EC0-301F-11D3-BF4B-00C04F79EFBC}") = "Epam.XT2019.Task6.DAL", "Epam.XT2019.Task6.DAL\Epam.XT2019.Task6.DAL.csproj", "{1E4E93A6-56DF-4D31-B480-1C16BB669FA2}"
EndProject
Project("{2150E333-8FDC-42A3-9474-1A3956D46DE8}") = "Contracts", "Contracts", "{86CB8CB7-9E1E-4862-B3D4-611548E7C845}"
EndProject
Project("{2150E333-8FDC-42A3-9474-1A3956D46DE8}") = "Common", "Common", "{352E1491-FA43-495A-8350-59C090E88B05}"
EndProject
Project("{FAE04EC0-301F-11D3-BF4B-00C04F79EFBC}") = "Epam.XT2019.Task6.WebPL", "..\..\..\Task10\WebUI\Epam.XT2019.Task6.WebPL.csproj", "{293DE8B5-25E8-47CE-B7AB-53D8CC734405}"
EndProject
Global
	GlobalSection(SolutionConfigurationPlatforms) = preSolution
		Debug|Any CPU = Debug|Any CPU
		Release|Any CPU = Release|Any CPU
	EndGlobalSection
	GlobalSection(ProjectConfigurationPlatforms) = postSolution
		{8C681C55-E466-4BB8-9367-A4F5E4E6150A}.Debug|Any CPU.ActiveCfg = Debug|Any CPU
		{8C681C55-E466-4BB8-9367-A4F5E4E6150A}.Debug|Any CPU.Build.0 = Debug|Any CPU
		{8C681C55-E466-4BB8-9367-A4F5E4E6150A}.Release|Any CPU.ActiveCfg = Release|Any CPU
		{8C681C55-E466-4BB8-9367-A4F5E4E6150A}.Release|Any CPU.Build.0 = Release|Any CPU
		{78E9A00F-A414-4F68-B02E-B28374034E66}.Debug|Any CPU.ActiveCfg = Debug|Any CPU
		{78E9A00F-A414-4F68-B02E-B28374034E66}.Debug|Any CPU.Build.0 = Debug|Any CPU
		{78E9A00F-A414-4F68-B02E-B28374034E66}.Release|Any CPU.ActiveCfg = Release|Any CPU
		{78E9A00F-A414-4F68-B02E-B28374034E66}.Release|Any CPU.Build.0 = Release|Any CPU
		{647C19C9-0059-4F5A-816B-B3A9F41D278F}.Debug|Any CPU.ActiveCfg = Debug|Any CPU
		{647C19C9-0059-4F5A-816B-B3A9F41D278F}.Debug|Any CPU.Build.0 = Debug|Any CPU
		{647C19C9-0059-4F5A-816B-B3A9F41D278F}.Release|Any CPU.ActiveCfg = Release|Any CPU
		{647C19C9-0059-4F5A-816B-B3A9F41D278F}.Release|Any CPU.Build.0 = Release|Any CPU
		{B878541D-66B8-4A67-AACA-6A27A875BDE5}.Debug|Any CPU.ActiveCfg = Debug|Any CPU
		{B878541D-66B8-4A67-AACA-6A27A875BDE5}.Debug|Any CPU.Build.0 = Debug|Any CPU
		{B878541D-66B8-4A67-AACA-6A27A875BDE5}.Release|Any CPU.ActiveCfg = Release|Any CPU
		{B878541D-66B8-4A67-AACA-6A27A875BDE5}.Release|Any CPU.Build.0 = Release|Any CPU
		{E28DDC6C-B2F7-415B-B870-039FDE3EA5C3}.Debug|Any CPU.ActiveCfg = Debug|Any CPU
		{E28DDC6C-B2F7-415B-B870-039FDE3EA5C3}.Debug|Any CPU.Build.0 = Debug|Any CPU
		{E28DDC6C-B2F7-415B-B870-039FDE3EA5C3}.Release|Any CPU.ActiveCfg = Release|Any CPU
		{E28DDC6C-B2F7-415B-B870-039FDE3EA5C3}.Release|Any CPU.Build.0 = Release|Any CPU
		{BB958D8F-0B6A-420F-8C4D-C5961D98CAF1}.Debug|Any CPU.ActiveCfg = Debug|Any CPU
		{BB958D8F-0B6A-420F-8C4D-C5961D98CAF1}.Debug|Any CPU.Build.0 = Debug|Any CPU
		{BB958D8F-0B6A-420F-8C4D-C5961D98CAF1}.Release|Any CPU.ActiveCfg = Release|Any CPU
		{BB958D8F-0B6A-420F-8C4D-C5961D98CAF1}.Release|Any CPU.Build.0 = Release|Any CPU
		{1E4E93A6-56DF-4D31-B480-1C16BB669FA2}.Debug|Any CPU.ActiveCfg = Debug|Any CPU
		{1E4E93A6-56DF-4D31-B480-1C16BB669FA2}.Debug|Any CPU.Build.0 = Debug|Any CPU
		{1E4E93A6-56DF-4D31-B480-1C16BB669FA2}.Release|Any CPU.ActiveCfg = Release|Any CPU
		{1E4E93A6-56DF-4D31-B480-1C16BB669FA2}.Release|Any CPU.Build.0 = Release|Any CPU
		{293DE8B5-25E8-47CE-B7AB-53D8CC734405}.Debug|Any CPU.ActiveCfg = Debug|Any CPU
		{293DE8B5-25E8-47CE-B7AB-53D8CC734405}.Debug|Any CPU.Build.0 = Debug|Any CPU
		{293DE8B5-25E8-47CE-B7AB-53D8CC734405}.Release|Any CPU.ActiveCfg = Release|Any CPU
		{293DE8B5-25E8-47CE-B7AB-53D8CC734405}.Release|Any CPU.Build.0 = Release|Any CPU
	EndGlobalSection
	GlobalSection(SolutionProperties) = preSolution
		HideSolutionNode = FALSE
	EndGlobalSection
	GlobalSection(NestedProjects) = preSolution
		{647C19C9-0059-4F5A-816B-B3A9F41D278F} = {86CB8CB7-9E1E-4862-B3D4-611548E7C845}
		{B878541D-66B8-4A67-AACA-6A27A875BDE5} = {352E1491-FA43-495A-8350-59C090E88B05}
		{BB958D8F-0B6A-420F-8C4D-C5961D98CAF1} = {86CB8CB7-9E1E-4862-B3D4-611548E7C845}
	EndGlobalSection
	GlobalSection(ExtensibilityGlobals) = postSolution
		SolutionGuid = {5696BE39-C68D-4BFB-B33B-B5961A050BEE}
	EndGlobalSection
EndGlobal
