
Microsoft Visual Studio Solution File, Format Version 12.00
# Visual Studio 15
VisualStudioVersion = 15.0.26228.9
MinimumVisualStudioVersion = 10.0.40219.1
Project("{FAE04EC0-301F-11D3-BF4B-00C04F79EFBC}") = "Task 00", "Tasks\Task 00.csproj", "{5BADCDF7-F209-4012-A0AC-073982D6314C}"
EndProject
Project("{FAE04EC0-301F-11D3-BF4B-00C04F79EFBC}") = "Task1_1-1_6", "Task1_1-1_4\Task1_1-1_6.csproj", "{D413A1C0-E7F3-4DAF-936F-3C74BE820CDE}"
EndProject
Project("{FAE04EC0-301F-11D3-BF4B-00C04F79EFBC}") = "Task1_7-1_10", "Task1_7-1_10\Task1_7-1_10.csproj", "{07591C17-28CE-41F9-BA94-5F9C5A44C050}"
EndProject
Project("{FAE04EC0-301F-11D3-BF4B-00C04F79EFBC}") = "Task1_11-1_12", "Task1_11-1_12\Task1_11-1_12.csproj", "{CDAD33E5-51B7-4532-A969-470DB51BDBB2}"
EndProject
Project("{FAE04EC0-301F-11D3-BF4B-00C04F79EFBC}") = "Task2_1-2_6", "Task2_1-2_4\Task2_1-2_6.csproj", "{85BB42C5-B2A7-4468-9DA1-1D07F33F32EC}"
EndProject
Project("{FAE04EC0-301F-11D3-BF4B-00C04F79EFBC}") = "Task2_7", "Task2_7\Task2_7.csproj", "{E59FCE01-204F-4B19-BC2D-962A8618B5AA}"
EndProject
Project("{FAE04EC0-301F-11D3-BF4B-00C04F79EFBC}") = "Task2_8", "Task2_8\Task2_8.csproj", "{666B47A6-FD34-41AF-B5FB-7A2E12B91B52}"
EndProject
Project("{FAE04EC0-301F-11D3-BF4B-00C04F79EFBC}") = "Task3", "Task3\Task3.csproj", "{3964C0C6-F49B-4B8E-BF8E-9220B9AA6A28}"
EndProject
Global
	GlobalSection(SolutionConfigurationPlatforms) = preSolution
		Debug|Any CPU = Debug|Any CPU
		Release|Any CPU = Release|Any CPU
	EndGlobalSection
	GlobalSection(ProjectConfigurationPlatforms) = postSolution
		{5BADCDF7-F209-4012-A0AC-073982D6314C}.Debug|Any CPU.ActiveCfg = Debug|Any CPU
		{5BADCDF7-F209-4012-A0AC-073982D6314C}.Debug|Any CPU.Build.0 = Debug|Any CPU
		{5BADCDF7-F209-4012-A0AC-073982D6314C}.Release|Any CPU.ActiveCfg = Release|Any CPU
		{5BADCDF7-F209-4012-A0AC-073982D6314C}.Release|Any CPU.Build.0 = Release|Any CPU
		{D413A1C0-E7F3-4DAF-936F-3C74BE820CDE}.Debug|Any CPU.ActiveCfg = Debug|Any CPU
		{D413A1C0-E7F3-4DAF-936F-3C74BE820CDE}.Debug|Any CPU.Build.0 = Debug|Any CPU
		{D413A1C0-E7F3-4DAF-936F-3C74BE820CDE}.Release|Any CPU.ActiveCfg = Release|Any CPU
		{D413A1C0-E7F3-4DAF-936F-3C74BE820CDE}.Release|Any CPU.Build.0 = Release|Any CPU
		{07591C17-28CE-41F9-BA94-5F9C5A44C050}.Debug|Any CPU.ActiveCfg = Debug|Any CPU
		{07591C17-28CE-41F9-BA94-5F9C5A44C050}.Debug|Any CPU.Build.0 = Debug|Any CPU
		{07591C17-28CE-41F9-BA94-5F9C5A44C050}.Release|Any CPU.ActiveCfg = Release|Any CPU
		{07591C17-28CE-41F9-BA94-5F9C5A44C050}.Release|Any CPU.Build.0 = Release|Any CPU
		{CDAD33E5-51B7-4532-A969-470DB51BDBB2}.Debug|Any CPU.ActiveCfg = Debug|Any CPU
		{CDAD33E5-51B7-4532-A969-470DB51BDBB2}.Debug|Any CPU.Build.0 = Debug|Any CPU
		{CDAD33E5-51B7-4532-A969-470DB51BDBB2}.Release|Any CPU.ActiveCfg = Release|Any CPU
		{CDAD33E5-51B7-4532-A969-470DB51BDBB2}.Release|Any CPU.Build.0 = Release|Any CPU
		{85BB42C5-B2A7-4468-9DA1-1D07F33F32EC}.Debug|Any CPU.ActiveCfg = Debug|Any CPU
		{85BB42C5-B2A7-4468-9DA1-1D07F33F32EC}.Debug|Any CPU.Build.0 = Debug|Any CPU
		{85BB42C5-B2A7-4468-9DA1-1D07F33F32EC}.Release|Any CPU.ActiveCfg = Release|Any CPU
		{85BB42C5-B2A7-4468-9DA1-1D07F33F32EC}.Release|Any CPU.Build.0 = Release|Any CPU
		{E59FCE01-204F-4B19-BC2D-962A8618B5AA}.Debug|Any CPU.ActiveCfg = Debug|Any CPU
		{E59FCE01-204F-4B19-BC2D-962A8618B5AA}.Debug|Any CPU.Build.0 = Debug|Any CPU
		{E59FCE01-204F-4B19-BC2D-962A8618B5AA}.Release|Any CPU.ActiveCfg = Release|Any CPU
		{E59FCE01-204F-4B19-BC2D-962A8618B5AA}.Release|Any CPU.Build.0 = Release|Any CPU
		{666B47A6-FD34-41AF-B5FB-7A2E12B91B52}.Debug|Any CPU.ActiveCfg = Debug|Any CPU
		{666B47A6-FD34-41AF-B5FB-7A2E12B91B52}.Debug|Any CPU.Build.0 = Debug|Any CPU
		{666B47A6-FD34-41AF-B5FB-7A2E12B91B52}.Release|Any CPU.ActiveCfg = Release|Any CPU
		{666B47A6-FD34-41AF-B5FB-7A2E12B91B52}.Release|Any CPU.Build.0 = Release|Any CPU
		{3964C0C6-F49B-4B8E-BF8E-9220B9AA6A28}.Debug|Any CPU.ActiveCfg = Debug|Any CPU
		{3964C0C6-F49B-4B8E-BF8E-9220B9AA6A28}.Debug|Any CPU.Build.0 = Debug|Any CPU
		{3964C0C6-F49B-4B8E-BF8E-9220B9AA6A28}.Release|Any CPU.ActiveCfg = Release|Any CPU
		{3964C0C6-F49B-4B8E-BF8E-9220B9AA6A28}.Release|Any CPU.Build.0 = Release|Any CPU
	EndGlobalSection
	GlobalSection(SolutionProperties) = preSolution
		HideSolutionNode = FALSE
	EndGlobalSection
	GlobalSection(ExtensibilityGlobals) = postSolution
		SolutionGuid = {B2BD1DE1-BB55-459F-A804-0FDEAEC8B08A}
	EndGlobalSection
EndGlobal
