
Microsoft Visual Studio Solution File, Format Version 12.00
# Visual Studio Version 16
VisualStudioVersion = 16.0.29806.167
MinimumVisualStudioVersion = 10.0.40219.1
Project("{FAE04EC0-301F-11D3-BF4B-00C04F79EFBC}") = "DAOContracts", "DAOContracts\DAOContracts.csproj", "{CD8450A7-080D-47F3-85DE-39C84A772513}"
EndProject
Project("{FAE04EC0-301F-11D3-BF4B-00C04F79EFBC}") = "BLLContracts", "BLLContracts\BLLContracts.csproj", "{37E994E5-6FB5-4539-B332-1BA89AEB079A}"
EndProject
Project("{2150E333-8FDC-42A3-9474-1A3956D46DE8}") = "Contracts", "Contracts", "{7702AA7E-4437-47CB-A834-355AB61907BB}"
EndProject
Project("{FAE04EC0-301F-11D3-BF4B-00C04F79EFBC}") = "Entities", "Entities\Entities.csproj", "{54AD3D89-6615-4D86-89A3-E872E2102350}"
EndProject
Project("{FAE04EC0-301F-11D3-BF4B-00C04F79EFBC}") = "BLL", "BLL\BLL.csproj", "{017CE0E5-4F44-44D0-993D-60838F455B6F}"
EndProject
Project("{FAE04EC0-301F-11D3-BF4B-00C04F79EFBC}") = "IoC", "IoC\IoC.csproj", "{A0C3E224-EC2C-499C-9543-8DC36894EBFC}"
EndProject
Project("{FAE04EC0-301F-11D3-BF4B-00C04F79EFBC}") = "WebPL", "WebPL\WebPL.csproj", "{64AD6C00-D1E4-453B-BD4E-E5E7A0501DE2}"
EndProject
Project("{FAE04EC0-301F-11D3-BF4B-00C04F79EFBC}") = "DbDAL", "DbDAL\DbDAL.csproj", "{B77F2512-E4F0-4D8E-9E67-C906925CE7B8}"
EndProject
Global
	GlobalSection(SolutionConfigurationPlatforms) = preSolution
		Debug|Any CPU = Debug|Any CPU
		Release|Any CPU = Release|Any CPU
	EndGlobalSection
	GlobalSection(ProjectConfigurationPlatforms) = postSolution
		{CD8450A7-080D-47F3-85DE-39C84A772513}.Debug|Any CPU.ActiveCfg = Debug|Any CPU
		{CD8450A7-080D-47F3-85DE-39C84A772513}.Debug|Any CPU.Build.0 = Debug|Any CPU
		{CD8450A7-080D-47F3-85DE-39C84A772513}.Release|Any CPU.ActiveCfg = Release|Any CPU
		{CD8450A7-080D-47F3-85DE-39C84A772513}.Release|Any CPU.Build.0 = Release|Any CPU
		{37E994E5-6FB5-4539-B332-1BA89AEB079A}.Debug|Any CPU.ActiveCfg = Debug|Any CPU
		{37E994E5-6FB5-4539-B332-1BA89AEB079A}.Debug|Any CPU.Build.0 = Debug|Any CPU
		{37E994E5-6FB5-4539-B332-1BA89AEB079A}.Release|Any CPU.ActiveCfg = Release|Any CPU
		{37E994E5-6FB5-4539-B332-1BA89AEB079A}.Release|Any CPU.Build.0 = Release|Any CPU
		{54AD3D89-6615-4D86-89A3-E872E2102350}.Debug|Any CPU.ActiveCfg = Debug|Any CPU
		{54AD3D89-6615-4D86-89A3-E872E2102350}.Debug|Any CPU.Build.0 = Debug|Any CPU
		{54AD3D89-6615-4D86-89A3-E872E2102350}.Release|Any CPU.ActiveCfg = Release|Any CPU
		{54AD3D89-6615-4D86-89A3-E872E2102350}.Release|Any CPU.Build.0 = Release|Any CPU
		{017CE0E5-4F44-44D0-993D-60838F455B6F}.Debug|Any CPU.ActiveCfg = Debug|Any CPU
		{017CE0E5-4F44-44D0-993D-60838F455B6F}.Debug|Any CPU.Build.0 = Debug|Any CPU
		{017CE0E5-4F44-44D0-993D-60838F455B6F}.Release|Any CPU.ActiveCfg = Release|Any CPU
		{017CE0E5-4F44-44D0-993D-60838F455B6F}.Release|Any CPU.Build.0 = Release|Any CPU
		{A0C3E224-EC2C-499C-9543-8DC36894EBFC}.Debug|Any CPU.ActiveCfg = Debug|Any CPU
		{A0C3E224-EC2C-499C-9543-8DC36894EBFC}.Debug|Any CPU.Build.0 = Debug|Any CPU
		{A0C3E224-EC2C-499C-9543-8DC36894EBFC}.Release|Any CPU.ActiveCfg = Release|Any CPU
		{A0C3E224-EC2C-499C-9543-8DC36894EBFC}.Release|Any CPU.Build.0 = Release|Any CPU
		{64AD6C00-D1E4-453B-BD4E-E5E7A0501DE2}.Debug|Any CPU.ActiveCfg = Debug|Any CPU
		{64AD6C00-D1E4-453B-BD4E-E5E7A0501DE2}.Debug|Any CPU.Build.0 = Debug|Any CPU
		{64AD6C00-D1E4-453B-BD4E-E5E7A0501DE2}.Release|Any CPU.ActiveCfg = Release|Any CPU
		{64AD6C00-D1E4-453B-BD4E-E5E7A0501DE2}.Release|Any CPU.Build.0 = Release|Any CPU
		{B77F2512-E4F0-4D8E-9E67-C906925CE7B8}.Debug|Any CPU.ActiveCfg = Debug|Any CPU
		{B77F2512-E4F0-4D8E-9E67-C906925CE7B8}.Debug|Any CPU.Build.0 = Debug|Any CPU
		{B77F2512-E4F0-4D8E-9E67-C906925CE7B8}.Release|Any CPU.ActiveCfg = Release|Any CPU
		{B77F2512-E4F0-4D8E-9E67-C906925CE7B8}.Release|Any CPU.Build.0 = Release|Any CPU
	EndGlobalSection
	GlobalSection(SolutionProperties) = preSolution
		HideSolutionNode = FALSE
	EndGlobalSection
	GlobalSection(NestedProjects) = preSolution
		{CD8450A7-080D-47F3-85DE-39C84A772513} = {7702AA7E-4437-47CB-A834-355AB61907BB}
		{37E994E5-6FB5-4539-B332-1BA89AEB079A} = {7702AA7E-4437-47CB-A834-355AB61907BB}
	EndGlobalSection
	GlobalSection(ExtensibilityGlobals) = postSolution
		SolutionGuid = {C0914F33-261D-4991-91A7-B96400AAECFD}
	EndGlobalSection
EndGlobal
